// !$*UTF8*$!
{
	archiveVersion = 1;
	classes = {
	};
	objectVersion = 50;
	objects = {

/* Begin PBXBuildFile section */
		42BCCC30213E5DCC008C9AE3 /* TYLURL.m in Sources */ = {isa = PBXBuildFile; fileRef = 42BCCC2F213E5DCC008C9AE3 /* TYLURL.m */; };
		42BCCC33213E5F56008C9AE3 /* NSString+TYLURL.m in Sources */ = {isa = PBXBuildFile; fileRef = 42BCCC32213E5F56008C9AE3 /* NSString+TYLURL.m */; };
		42BCCC37213E60AB008C9AE3 /* TYLURLHandler.m in Sources */ = {isa = PBXBuildFile; fileRef = 42BCCC36213E60AB008C9AE3 /* TYLURLHandler.m */; };
		42BCCC3A213E641E008C9AE3 /* TYLClassUtil.m in Sources */ = {isa = PBXBuildFile; fileRef = 42BCCC39213E641E008C9AE3 /* TYLClassUtil.m */; };
		42FB5BE1213D312C005FA8F2 /* ViewController.m in Sources */ = {isa = PBXBuildFile; fileRef = 42FB5BE0213D312C005FA8F2 /* ViewController.m */; };
		42FB5BE6213D312D005FA8F2 /* Assets.xcassets in Resources */ = {isa = PBXBuildFile; fileRef = 42FB5BE5213D312D005FA8F2 /* Assets.xcassets */; };
		42FB5BEC213D312D005FA8F2 /* main.m in Sources */ = {isa = PBXBuildFile; fileRef = 42FB5BEB213D312D005FA8F2 /* main.m */; };
		42FB5C0F213D3DF2005FA8F2 /* libAFNetworking.a in Frameworks */ = {isa = PBXBuildFile; fileRef = 42FB5C0E213D3DF2005FA8F2 /* libAFNetworking.a */; };
		42FB5C1F213E2DE8005FA8F2 /* TYLAppDelegate.m in Sources */ = {isa = PBXBuildFile; fileRef = 42FB5C1E213E2DE8005FA8F2 /* TYLAppDelegate.m */; };
		42FB5C23213E31E2005FA8F2 /* TYLPresenter.m in Sources */ = {isa = PBXBuildFile; fileRef = 42FB5C22213E31E2005FA8F2 /* TYLPresenter.m */; };
		42FB5C26213E3203005FA8F2 /* TYLInteractor.m in Sources */ = {isa = PBXBuildFile; fileRef = 42FB5C25213E3203005FA8F2 /* TYLInteractor.m */; };
		42FB5C29213E322E005FA8F2 /* TYLWireframe.m in Sources */ = {isa = PBXBuildFile; fileRef = 42FB5C28213E322E005FA8F2 /* TYLWireframe.m */; };
		42FB5C2C213E326E005FA8F2 /* TYLViperViewController.m in Sources */ = {isa = PBXBuildFile; fileRef = 42FB5C2B213E326E005FA8F2 /* TYLViperViewController.m */; };
		D5220E26545AD0F1F8D3EFA9 /* libPods-Viper.a in Frameworks */ = {isa = PBXBuildFile; fileRef = DB1F1656E10644A27B09A191 /* libPods-Viper.a */; };
/* End PBXBuildFile section */

/* Begin PBXFileReference section */
		08693508FE668EA43B5BA9DA /* Pods-Viper.release.xcconfig */ = {isa = PBXFileReference; includeInIndex = 1; lastKnownFileType = text.xcconfig; name = "Pods-Viper.release.xcconfig"; path = "Pods/Target Support Files/Pods-Viper/Pods-Viper.release.xcconfig"; sourceTree = "<group>"; };
		42BCCC2B213E3C3A008C9AE3 /* TYLPresenter_Private.h */ = {isa = PBXFileReference; lastKnownFileType = sourcecode.c.h; path = TYLPresenter_Private.h; sourceTree = "<group>"; };
		42BCCC2C213E585B008C9AE3 /* TYLViperViewController_Private.h */ = {isa = PBXFileReference; lastKnownFileType = sourcecode.c.h; path = TYLViperViewController_Private.h; sourceTree = "<group>"; };
		42BCCC2E213E5DCC008C9AE3 /* TYLURL.h */ = {isa = PBXFileReference; lastKnownFileType = sourcecode.c.h; path = TYLURL.h; sourceTree = "<group>"; };
		42BCCC2F213E5DCC008C9AE3 /* TYLURL.m */ = {isa = PBXFileReference; lastKnownFileType = sourcecode.c.objc; path = TYLURL.m; sourceTree = "<group>"; };
		42BCCC31213E5F56008C9AE3 /* NSString+TYLURL.h */ = {isa = PBXFileReference; lastKnownFileType = sourcecode.c.h; path = "NSString+TYLURL.h"; sourceTree = "<group>"; };
		42BCCC32213E5F56008C9AE3 /* NSString+TYLURL.m */ = {isa = PBXFileReference; lastKnownFileType = sourcecode.c.objc; path = "NSString+TYLURL.m"; sourceTree = "<group>"; };
		42BCCC34213E6082008C9AE3 /* TYLRouter.h */ = {isa = PBXFileReference; lastKnownFileType = sourcecode.c.h; path = TYLRouter.h; sourceTree = "<group>"; };
		42BCCC35213E60AB008C9AE3 /* TYLURLHandler.h */ = {isa = PBXFileReference; lastKnownFileType = sourcecode.c.h; path = TYLURLHandler.h; sourceTree = "<group>"; };
		42BCCC36213E60AB008C9AE3 /* TYLURLHandler.m */ = {isa = PBXFileReference; lastKnownFileType = sourcecode.c.objc; path = TYLURLHandler.m; sourceTree = "<group>"; };
		42BCCC38213E641E008C9AE3 /* TYLClassUtil.h */ = {isa = PBXFileReference; lastKnownFileType = sourcecode.c.h; path = TYLClassUtil.h; sourceTree = "<group>"; };
		42BCCC39213E641E008C9AE3 /* TYLClassUtil.m */ = {isa = PBXFileReference; lastKnownFileType = sourcecode.c.objc; path = TYLClassUtil.m; sourceTree = "<group>"; };
		42BCCC3B213E6437008C9AE3 /* TYLUtilHeader.h */ = {isa = PBXFileReference; lastKnownFileType = sourcecode.c.h; path = TYLUtilHeader.h; sourceTree = "<group>"; };
		42FB5BD9213D312B005FA8F2 /* Viper.app */ = {isa = PBXFileReference; explicitFileType = wrapper.application; includeInIndex = 0; path = Viper.app; sourceTree = BUILT_PRODUCTS_DIR; };
		42FB5BDF213D312C005FA8F2 /* ViewController.h */ = {isa = PBXFileReference; lastKnownFileType = sourcecode.c.h; path = ViewController.h; sourceTree = "<group>"; };
		42FB5BE0213D312C005FA8F2 /* ViewController.m */ = {isa = PBXFileReference; lastKnownFileType = sourcecode.c.objc; path = ViewController.m; sourceTree = "<group>"; };
		42FB5BE5213D312D005FA8F2 /* Assets.xcassets */ = {isa = PBXFileReference; lastKnownFileType = folder.assetcatalog; path = Assets.xcassets; sourceTree = "<group>"; };
		42FB5BEA213D312D005FA8F2 /* Info.plist */ = {isa = PBXFileReference; lastKnownFileType = text.plist.xml; path = Info.plist; sourceTree = "<group>"; };
		42FB5BEB213D312D005FA8F2 /* main.m */ = {isa = PBXFileReference; lastKnownFileType = sourcecode.c.objc; path = main.m; sourceTree = "<group>"; };
		42FB5C0E213D3DF2005FA8F2 /* libAFNetworking.a */ = {isa = PBXFileReference; explicitFileType = archive.ar; path = libAFNetworking.a; sourceTree = BUILT_PRODUCTS_DIR; };
		42FB5C15213D43FC005FA8F2 /* Prefix.pch */ = {isa = PBXFileReference; lastKnownFileType = sourcecode.c.h; path = Prefix.pch; sourceTree = "<group>"; };
		42FB5C1D213E2DE8005FA8F2 /* TYLAppDelegate.h */ = {isa = PBXFileReference; lastKnownFileType = sourcecode.c.h; path = TYLAppDelegate.h; sourceTree = "<group>"; };
		42FB5C1E213E2DE8005FA8F2 /* TYLAppDelegate.m */ = {isa = PBXFileReference; lastKnownFileType = sourcecode.c.objc; path = TYLAppDelegate.m; sourceTree = "<group>"; };
		42FB5C21213E31E2005FA8F2 /* TYLPresenter.h */ = {isa = PBXFileReference; lastKnownFileType = sourcecode.c.h; path = TYLPresenter.h; sourceTree = "<group>"; };
		42FB5C22213E31E2005FA8F2 /* TYLPresenter.m */ = {isa = PBXFileReference; lastKnownFileType = sourcecode.c.objc; path = TYLPresenter.m; sourceTree = "<group>"; };
		42FB5C24213E3203005FA8F2 /* TYLInteractor.h */ = {isa = PBXFileReference; lastKnownFileType = sourcecode.c.h; path = TYLInteractor.h; sourceTree = "<group>"; };
		42FB5C25213E3203005FA8F2 /* TYLInteractor.m */ = {isa = PBXFileReference; lastKnownFileType = sourcecode.c.objc; path = TYLInteractor.m; sourceTree = "<group>"; };
		42FB5C27213E322E005FA8F2 /* TYLWireframe.h */ = {isa = PBXFileReference; lastKnownFileType = sourcecode.c.h; path = TYLWireframe.h; sourceTree = "<group>"; };
		42FB5C28213E322E005FA8F2 /* TYLWireframe.m */ = {isa = PBXFileReference; lastKnownFileType = sourcecode.c.objc; path = TYLWireframe.m; sourceTree = "<group>"; };
		42FB5C2A213E326E005FA8F2 /* TYLViperViewController.h */ = {isa = PBXFileReference; lastKnownFileType = sourcecode.c.h; path = TYLViperViewController.h; sourceTree = "<group>"; };
		42FB5C2B213E326E005FA8F2 /* TYLViperViewController.m */ = {isa = PBXFileReference; lastKnownFileType = sourcecode.c.objc; path = TYLViperViewController.m; sourceTree = "<group>"; };
		42FB5C32213E345E005FA8F2 /* TYLViperProtocol.h */ = {isa = PBXFileReference; lastKnownFileType = sourcecode.c.h; path = TYLViperProtocol.h; sourceTree = "<group>"; };
		42FB5C33213E3472005FA8F2 /* TYLViewProtocol.h */ = {isa = PBXFileReference; lastKnownFileType = sourcecode.c.h; path = TYLViewProtocol.h; sourceTree = "<group>"; };
		42FB5C34213E3489005FA8F2 /* TYLEventHandler.h */ = {isa = PBXFileReference; lastKnownFileType = sourcecode.c.h; path = TYLEventHandler.h; sourceTree = "<group>"; };
		42FB5C35213E3498005FA8F2 /* TYLDataSource.h */ = {isa = PBXFileReference; lastKnownFileType = sourcecode.c.h; path = TYLDataSource.h; sourceTree = "<group>"; };
		42FB5C3A213E3556005FA8F2 /* TYLEventHandler_Private.h */ = {isa = PBXFileReference; lastKnownFileType = sourcecode.c.h; path = TYLEventHandler_Private.h; sourceTree = "<group>"; };
		42FB5C3B213E356E005FA8F2 /* TYLInteractor_Private.h */ = {isa = PBXFileReference; lastKnownFileType = sourcecode.c.h; path = TYLInteractor_Private.h; sourceTree = "<group>"; };
		42FB5C3C213E357C005FA8F2 /* TYLViper.h */ = {isa = PBXFileReference; lastKnownFileType = sourcecode.c.h; path = TYLViper.h; sourceTree = "<group>"; };
		42FB5C3D213E3931005FA8F2 /* TYLcore.h */ = {isa = PBXFileReference; lastKnownFileType = sourcecode.c.h; path = TYLcore.h; sourceTree = "<group>"; };
		DB1F1656E10644A27B09A191 /* libPods-Viper.a */ = {isa = PBXFileReference; explicitFileType = archive.ar; includeInIndex = 0; path = "libPods-Viper.a"; sourceTree = BUILT_PRODUCTS_DIR; };
		FF5CCF99AE023F2E7FF16F25 /* Pods-Viper.debug.xcconfig */ = {isa = PBXFileReference; includeInIndex = 1; lastKnownFileType = text.xcconfig; name = "Pods-Viper.debug.xcconfig"; path = "Pods/Target Support Files/Pods-Viper/Pods-Viper.debug.xcconfig"; sourceTree = "<group>"; };
/* End PBXFileReference section */

/* Begin PBXFrameworksBuildPhase section */
		42FB5BD6213D312B005FA8F2 /* Frameworks */ = {
			isa = PBXFrameworksBuildPhase;
			buildActionMask = 2147483647;
			files = (
				42FB5C0F213D3DF2005FA8F2 /* libAFNetworking.a in Frameworks */,
				D5220E26545AD0F1F8D3EFA9 /* libPods-Viper.a in Frameworks */,
			);
			runOnlyForDeploymentPostprocessing = 0;
		};
/* End PBXFrameworksBuildPhase section */

/* Begin PBXGroup section */
		3B3D1497C0DF538F6B591BD7 /* Frameworks */ = {
			isa = PBXGroup;
			children = (
				42FB5C0E213D3DF2005FA8F2 /* libAFNetworking.a */,
				DB1F1656E10644A27B09A191 /* libPods-Viper.a */,
			);
			name = Frameworks;
			sourceTree = "<group>";
		};
		42BCCC2D213E5DAF008C9AE3 /* Router */ = {
			isa = PBXGroup;
			children = (
				42BCCC34213E6082008C9AE3 /* TYLRouter.h */,
				42BCCC35213E60AB008C9AE3 /* TYLURLHandler.h */,
				42BCCC36213E60AB008C9AE3 /* TYLURLHandler.m */,
				42BCCC2E213E5DCC008C9AE3 /* TYLURL.h */,
				42BCCC2F213E5DCC008C9AE3 /* TYLURL.m */,
				42BCCC31213E5F56008C9AE3 /* NSString+TYLURL.h */,
				42BCCC32213E5F56008C9AE3 /* NSString+TYLURL.m */,
			);
			path = Router;
			sourceTree = "<group>";
		};
		42FB5BD0213D312B005FA8F2 = {
			isa = PBXGroup;
			children = (
				42FB5BDB213D312B005FA8F2 /* Viper */,
				42FB5BDA213D312B005FA8F2 /* Products */,
				AAF120196245FE8CC043A488 /* Pods */,
				3B3D1497C0DF538F6B591BD7 /* Frameworks */,
			);
			sourceTree = "<group>";
		};
		42FB5BDA213D312B005FA8F2 /* Products */ = {
			isa = PBXGroup;
			children = (
				42FB5BD9213D312B005FA8F2 /* Viper.app */,
			);
			name = Products;
			sourceTree = "<group>";
		};
		42FB5BDB213D312B005FA8F2 /* Viper */ = {
			isa = PBXGroup;
			children = (
				42FB5C10213D429A005FA8F2 /* Classes */,
				42FB5C11213D42AF005FA8F2 /* Resources */,
				42FB5C12213D42EF005FA8F2 /* Supportings */,
				42FB5BDF213D312C005FA8F2 /* ViewController.h */,
				42FB5BE0213D312C005FA8F2 /* ViewController.m */,
			);
			path = Viper;
			sourceTree = "<group>";
		};
		42FB5C10213D429A005FA8F2 /* Classes */ = {
			isa = PBXGroup;
			children = (
				42FB5C16213D470E005FA8F2 /* Basics */,
				42FB5C18213D4788005FA8F2 /* Assistants */,
				42FB5C17213D471E005FA8F2 /* Modules */,
				42FB5C1A213D47A7005FA8F2 /* Manager */,
				42FB5C1B213D47B1005FA8F2 /* Common */,
				42FB5C1C213E2D5F005FA8F2 /* ThridParties */,
				42FB5C19213D4792005FA8F2 /* Utils */,
			);
			path = Classes;
			sourceTree = "<group>";
		};
		42FB5C11213D42AF005FA8F2 /* Resources */ = {
			isa = PBXGroup;
			children = (
				42FB5BE5213D312D005FA8F2 /* Assets.xcassets */,
			);
			path = Resources;
			sourceTree = "<group>";
		};
		42FB5C12213D42EF005FA8F2 /* Supportings */ = {
			isa = PBXGroup;
			children = (
				42FB5BEA213D312D005FA8F2 /* Info.plist */,
				42FB5BEB213D312D005FA8F2 /* main.m */,
				42FB5C15213D43FC005FA8F2 /* Prefix.pch */,
			);
			path = Supportings;
			sourceTree = "<group>";
		};
		42FB5C16213D470E005FA8F2 /* Basics */ = {
			isa = PBXGroup;
			children = (
				42FB5C1D213E2DE8005FA8F2 /* TYLAppDelegate.h */,
				42FB5C1E213E2DE8005FA8F2 /* TYLAppDelegate.m */,
			);
			path = Basics;
			sourceTree = "<group>";
		};
		42FB5C17213D471E005FA8F2 /* Modules */ = {
			isa = PBXGroup;
			children = (
			);
			path = Modules;
			sourceTree = "<group>";
		};
		42FB5C18213D4788005FA8F2 /* Assistants */ = {
			isa = PBXGroup;
			children = (
				42FB5C3D213E3931005FA8F2 /* TYLcore.h */,
			);
			path = Assistants;
			sourceTree = "<group>";
		};
		42FB5C19213D4792005FA8F2 /* Utils */ = {
			isa = PBXGroup;
			children = (
				42BCCC3B213E6437008C9AE3 /* TYLUtilHeader.h */,
				42BCCC38213E641E008C9AE3 /* TYLClassUtil.h */,
				42BCCC39213E641E008C9AE3 /* TYLClassUtil.m */,
			);
			path = Utils;
			sourceTree = "<group>";
		};
		42FB5C1A213D47A7005FA8F2 /* Manager */ = {
			isa = PBXGroup;
			children = (
			);
			path = Manager;
			sourceTree = "<group>";
		};
		42FB5C1B213D47B1005FA8F2 /* Common */ = {
			isa = PBXGroup;
			children = (
				42BCCC2D213E5DAF008C9AE3 /* Router */,
				42FB5C20213E3180005FA8F2 /* Viper */,
			);
			path = Common;
			sourceTree = "<group>";
		};
		42FB5C1C213E2D5F005FA8F2 /* ThridParties */ = {
			isa = PBXGroup;
			children = (
			);
			path = ThridParties;
			sourceTree = "<group>";
		};
		42FB5C20213E3180005FA8F2 /* Viper */ = {
			isa = PBXGroup;
			children = (
				42FB5C3C213E357C005FA8F2 /* TYLViper.h */,
				42FB5C21213E31E2005FA8F2 /* TYLPresenter.h */,
				42BCCC2B213E3C3A008C9AE3 /* TYLPresenter_Private.h */,
				42FB5C22213E31E2005FA8F2 /* TYLPresenter.m */,
				42FB5C24213E3203005FA8F2 /* TYLInteractor.h */,
				42FB5C3B213E356E005FA8F2 /* TYLInteractor_Private.h */,
				42FB5C25213E3203005FA8F2 /* TYLInteractor.m */,
				42FB5C27213E322E005FA8F2 /* TYLWireframe.h */,
				42FB5C28213E322E005FA8F2 /* TYLWireframe.m */,
				42FB5C32213E345E005FA8F2 /* TYLViperProtocol.h */,
				42FB5C33213E3472005FA8F2 /* TYLViewProtocol.h */,
				42FB5C34213E3489005FA8F2 /* TYLEventHandler.h */,
				42FB5C3A213E3556005FA8F2 /* TYLEventHandler_Private.h */,
				42FB5C35213E3498005FA8F2 /* TYLDataSource.h */,
				42FB5C2A213E326E005FA8F2 /* TYLViperViewController.h */,
				42BCCC2C213E585B008C9AE3 /* TYLViperViewController_Private.h */,
				42FB5C2B213E326E005FA8F2 /* TYLViperViewController.m */,
			);
			path = Viper;
			sourceTree = "<group>";
		};
		AAF120196245FE8CC043A488 /* Pods */ = {
			isa = PBXGroup;
			children = (
				FF5CCF99AE023F2E7FF16F25 /* Pods-Viper.debug.xcconfig */,
				08693508FE668EA43B5BA9DA /* Pods-Viper.release.xcconfig */,
			);
			name = Pods;
			sourceTree = "<group>";
		};
/* End PBXGroup section */

/* Begin PBXNativeTarget section */
		42FB5BD8213D312B005FA8F2 /* Viper */ = {
			isa = PBXNativeTarget;
			buildConfigurationList = 42FB5C05213D312D005FA8F2 /* Build configuration list for PBXNativeTarget "Viper" */;
			buildPhases = (
				69941C4814038D50A1C5623E /* [CP] Check Pods Manifest.lock */,
				42FB5BD5213D312B005FA8F2 /* Sources */,
				42FB5BD6213D312B005FA8F2 /* Frameworks */,
				42FB5BD7213D312B005FA8F2 /* Resources */,
			);
			buildRules = (
			);
			dependencies = (
			);
			name = Viper;
			productName = Viper;
			productReference = 42FB5BD9213D312B005FA8F2 /* Viper.app */;
			productType = "com.apple.product-type.application";
		};
/* End PBXNativeTarget section */

/* Begin PBXProject section */
		42FB5BD1213D312B005FA8F2 /* Project object */ = {
			isa = PBXProject;
			attributes = {
				CLASSPREFIX = TYL;
				LastUpgradeCheck = 0940;
				ORGANIZATIONNAME = tianyulong;
				TargetAttributes = {
					42FB5BD8213D312B005FA8F2 = {
						CreatedOnToolsVersion = 9.4.1;
					};
				};
			};
			buildConfigurationList = 42FB5BD4213D312B005FA8F2 /* Build configuration list for PBXProject "Viper" */;
			compatibilityVersion = "Xcode 9.3";
			developmentRegion = en;
			hasScannedForEncodings = 0;
			knownRegions = (
				en,
				Base,
			);
			mainGroup = 42FB5BD0213D312B005FA8F2;
			productRefGroup = 42FB5BDA213D312B005FA8F2 /* Products */;
			projectDirPath = "";
			projectRoot = "";
			targets = (
				42FB5BD8213D312B005FA8F2 /* Viper */,
			);
		};
/* End PBXProject section */

/* Begin PBXResourcesBuildPhase section */
		42FB5BD7213D312B005FA8F2 /* Resources */ = {
			isa = PBXResourcesBuildPhase;
			buildActionMask = 2147483647;
			files = (
				42FB5BE6213D312D005FA8F2 /* Assets.xcassets in Resources */,
			);
			runOnlyForDeploymentPostprocessing = 0;
		};
/* End PBXResourcesBuildPhase section */

/* Begin PBXShellScriptBuildPhase section */
		69941C4814038D50A1C5623E /* [CP] Check Pods Manifest.lock */ = {
			isa = PBXShellScriptBuildPhase;
			buildActionMask = 2147483647;
			files = (
			);
			inputPaths = (
				"${PODS_PODFILE_DIR_PATH}/Podfile.lock",
				"${PODS_ROOT}/Manifest.lock",
			);
			name = "[CP] Check Pods Manifest.lock";
			outputPaths = (
				"$(DERIVED_FILE_DIR)/Pods-Viper-checkManifestLockResult.txt",
			);
			runOnlyForDeploymentPostprocessing = 0;
			shellPath = /bin/sh;
			shellScript = "diff \"${PODS_PODFILE_DIR_PATH}/Podfile.lock\" \"${PODS_ROOT}/Manifest.lock\" > /dev/null\nif [ $? != 0 ] ; then\n    # print error to STDERR\n    echo \"error: The sandbox is not in sync with the Podfile.lock. Run 'pod install' or update your CocoaPods installation.\" >&2\n    exit 1\nfi\n# This output is used by Xcode 'outputs' to avoid re-running this script phase.\necho \"SUCCESS\" > \"${SCRIPT_OUTPUT_FILE_0}\"\n";
			showEnvVarsInLog = 0;
		};
/* End PBXShellScriptBuildPhase section */

/* Begin PBXSourcesBuildPhase section */
		42FB5BD5213D312B005FA8F2 /* Sources */ = {
			isa = PBXSourcesBuildPhase;
			buildActionMask = 2147483647;
			files = (
				42FB5C2C213E326E005FA8F2 /* TYLViperViewController.m in Sources */,
				42BCCC33213E5F56008C9AE3 /* NSString+TYLURL.m in Sources */,
				42FB5C29213E322E005FA8F2 /* TYLWireframe.m in Sources */,
				42FB5C1F213E2DE8005FA8F2 /* TYLAppDelegate.m in Sources */,
				42FB5BE1213D312C005FA8F2 /* ViewController.m in Sources */,
				42BCCC3A213E641E008C9AE3 /* TYLClassUtil.m in Sources */,
				42FB5C23213E31E2005FA8F2 /* TYLPresenter.m in Sources */,
				42FB5C26213E3203005FA8F2 /* TYLInteractor.m in Sources */,
				42FB5BEC213D312D005FA8F2 /* main.m in Sources */,
				42BCCC37213E60AB008C9AE3 /* TYLURLHandler.m in Sources */,
				42BCCC30213E5DCC008C9AE3 /* TYLURL.m in Sources */,
			);
			runOnlyForDeploymentPostprocessing = 0;
		};
/* End PBXSourcesBuildPhase section */

/* Begin XCBuildConfiguration section */
		42FB5C03213D312D005FA8F2 /* Debug */ = {
			isa = XCBuildConfiguration;
			buildSettings = {
				ALWAYS_SEARCH_USER_PATHS = NO;
				CLANG_ANALYZER_NONNULL = YES;
				CLANG_ANALYZER_NUMBER_OBJECT_CONVERSION = YES_AGGRESSIVE;
				CLANG_CXX_LANGUAGE_STANDARD = "gnu++14";
				CLANG_CXX_LIBRARY = "libc++";
				CLANG_ENABLE_MODULES = YES;
				CLANG_ENABLE_OBJC_ARC = YES;
				CLANG_ENABLE_OBJC_WEAK = YES;
				CLANG_WARN_BLOCK_CAPTURE_AUTORELEASING = YES;
				CLANG_WARN_BOOL_CONVERSION = YES;
				CLANG_WARN_COMMA = YES;
				CLANG_WARN_CONSTANT_CONVERSION = YES;
				CLANG_WARN_DEPRECATED_OBJC_IMPLEMENTATIONS = YES;
				CLANG_WARN_DIRECT_OBJC_ISA_USAGE = YES_ERROR;
				CLANG_WARN_DOCUMENTATION_COMMENTS = YES;
				CLANG_WARN_EMPTY_BODY = YES;
				CLANG_WARN_ENUM_CONVERSION = YES;
				CLANG_WARN_INFINITE_RECURSION = YES;
				CLANG_WARN_INT_CONVERSION = YES;
				CLANG_WARN_NON_LITERAL_NULL_CONVERSION = YES;
				CLANG_WARN_OBJC_IMPLICIT_RETAIN_SELF = YES;
				CLANG_WARN_OBJC_LITERAL_CONVERSION = YES;
				CLANG_WARN_OBJC_ROOT_CLASS = YES_ERROR;
				CLANG_WARN_RANGE_LOOP_ANALYSIS = YES;
				CLANG_WARN_STRICT_PROTOTYPES = YES;
				CLANG_WARN_SUSPICIOUS_MOVE = YES;
				CLANG_WARN_UNGUARDED_AVAILABILITY = YES_AGGRESSIVE;
				CLANG_WARN_UNREACHABLE_CODE = YES;
				CLANG_WARN__DUPLICATE_METHOD_MATCH = YES;
				CODE_SIGN_IDENTITY = "iPhone Developer";
				COPY_PHASE_STRIP = NO;
				DEBUG_INFORMATION_FORMAT = dwarf;
				ENABLE_STRICT_OBJC_MSGSEND = YES;
				ENABLE_TESTABILITY = YES;
				GCC_C_LANGUAGE_STANDARD = gnu11;
				GCC_DYNAMIC_NO_PIC = NO;
				GCC_NO_COMMON_BLOCKS = YES;
				GCC_OPTIMIZATION_LEVEL = 0;
				GCC_PREPROCESSOR_DEFINITIONS = (
					"DEBUG=1",
					"$(inherited)",
				);
				GCC_WARN_64_TO_32_BIT_CONVERSION = YES;
				GCC_WARN_ABOUT_RETURN_TYPE = YES_ERROR;
				GCC_WARN_UNDECLARED_SELECTOR = YES;
				GCC_WARN_UNINITIALIZED_AUTOS = YES_AGGRESSIVE;
				GCC_WARN_UNUSED_FUNCTION = YES;
				GCC_WARN_UNUSED_VARIABLE = YES;
				IPHONEOS_DEPLOYMENT_TARGET = 8.0;
				MTL_ENABLE_DEBUG_INFO = YES;
				ONLY_ACTIVE_ARCH = YES;
				SDKROOT = iphoneos;
			};
			name = Debug;
		};
		42FB5C04213D312D005FA8F2 /* Release */ = {
			isa = XCBuildConfiguration;
			buildSettings = {
				ALWAYS_SEARCH_USER_PATHS = NO;
				CLANG_ANALYZER_NONNULL = YES;
				CLANG_ANALYZER_NUMBER_OBJECT_CONVERSION = YES_AGGRESSIVE;
				CLANG_CXX_LANGUAGE_STANDARD = "gnu++14";
				CLANG_CXX_LIBRARY = "libc++";
				CLANG_ENABLE_MODULES = YES;
				CLANG_ENABLE_OBJC_ARC = YES;
				CLANG_ENABLE_OBJC_WEAK = YES;
				CLANG_WARN_BLOCK_CAPTURE_AUTORELEASING = YES;
				CLANG_WARN_BOOL_CONVERSION = YES;
				CLANG_WARN_COMMA = YES;
				CLANG_WARN_CONSTANT_CONVERSION = YES;
				CLANG_WARN_DEPRECATED_OBJC_IMPLEMENTATIONS = YES;
				CLANG_WARN_DIRECT_OBJC_ISA_USAGE = YES_ERROR;
				CLANG_WARN_DOCUMENTATION_COMMENTS = YES;
				CLANG_WARN_EMPTY_BODY = YES;
				CLANG_WARN_ENUM_CONVERSION = YES;
				CLANG_WARN_INFINITE_RECURSION = YES;
				CLANG_WARN_INT_CONVERSION = YES;
				CLANG_WARN_NON_LITERAL_NULL_CONVERSION = YES;
				CLANG_WARN_OBJC_IMPLICIT_RETAIN_SELF = YES;
				CLANG_WARN_OBJC_LITERAL_CONVERSION = YES;
				CLANG_WARN_OBJC_ROOT_CLASS = YES_ERROR;
				CLANG_WARN_RANGE_LOOP_ANALYSIS = YES;
				CLANG_WARN_STRICT_PROTOTYPES = YES;
				CLANG_WARN_SUSPICIOUS_MOVE = YES;
				CLANG_WARN_UNGUARDED_AVAILABILITY = YES_AGGRESSIVE;
				CLANG_WARN_UNREACHABLE_CODE = YES;
				CLANG_WARN__DUPLICATE_METHOD_MATCH = YES;
				CODE_SIGN_IDENTITY = "iPhone Developer";
				COPY_PHASE_STRIP = NO;
				DEBUG_INFORMATION_FORMAT = "dwarf-with-dsym";
				ENABLE_NS_ASSERTIONS = NO;
				ENABLE_STRICT_OBJC_MSGSEND = YES;
				GCC_C_LANGUAGE_STANDARD = gnu11;
				GCC_NO_COMMON_BLOCKS = YES;
				GCC_WARN_64_TO_32_BIT_CONVERSION = YES;
				GCC_WARN_ABOUT_RETURN_TYPE = YES_ERROR;
				GCC_WARN_UNDECLARED_SELECTOR = YES;
				GCC_WARN_UNINITIALIZED_AUTOS = YES_AGGRESSIVE;
				GCC_WARN_UNUSED_FUNCTION = YES;
				GCC_WARN_UNUSED_VARIABLE = YES;
				IPHONEOS_DEPLOYMENT_TARGET = 8.0;
				MTL_ENABLE_DEBUG_INFO = NO;
				SDKROOT = iphoneos;
				VALIDATE_PRODUCT = YES;
			};
			name = Release;
		};
		42FB5C06213D312D005FA8F2 /* Debug */ = {
			isa = XCBuildConfiguration;
			baseConfigurationReference = FF5CCF99AE023F2E7FF16F25 /* Pods-Viper.debug.xcconfig */;
			buildSettings = {
				ASSETCATALOG_COMPILER_APPICON_NAME = AppIcon;
				CODE_SIGN_STYLE = Automatic;
				DEVELOPMENT_TEAM = 657HH87BMM;
				GCC_PREFIX_HEADER = "$(PROJECT_DIR)/$(PROJECT_NAME)/Supportings/Prefix.pch";
				INFOPLIST_FILE = Viper/Supportings/Info.plist;
				IPHONEOS_DEPLOYMENT_TARGET = 8.0;
				LD_RUNPATH_SEARCH_PATHS = (
					"$(inherited)",
					"@executable_path/Frameworks",
				);
				PRODUCT_BUNDLE_IDENTIFIER = com.viperproject.www.Viper;
				PRODUCT_NAME = "$(TARGET_NAME)";
				TARGETED_DEVICE_FAMILY = 1;
			};
			name = Debug;
		};
		42FB5C07213D312D005FA8F2 /* Release */ = {
			isa = XCBuildConfiguration;
			baseConfigurationReference = 08693508FE668EA43B5BA9DA /* Pods-Viper.release.xcconfig */;
			buildSettings = {
				ASSETCATALOG_COMPILER_APPICON_NAME = AppIcon;
				CODE_SIGN_STYLE = Automatic;
				DEVELOPMENT_TEAM = 657HH87BMM;
				GCC_PREFIX_HEADER = "$(PROJECT_DIR)/$(PROJECT_NAME)/Supportings/Prefix.pch";
				INFOPLIST_FILE = Viper/Supportings/Info.plist;
				IPHONEOS_DEPLOYMENT_TARGET = 8.0;
				LD_RUNPATH_SEARCH_PATHS = (
					"$(inherited)",
					"@executable_path/Frameworks",
				);
				PRODUCT_BUNDLE_IDENTIFIER = com.viperproject.www.Viper;
				PRODUCT_NAME = "$(TARGET_NAME)";
				TARGETED_DEVICE_FAMILY = 1;
			};
			name = Release;
		};
/* End XCBuildConfiguration section */

/* Begin XCConfigurationList section */
		42FB5BD4213D312B005FA8F2 /* Build configuration list for PBXProject "Viper" */ = {
			isa = XCConfigurationList;
			buildConfigurations = (
				42FB5C03213D312D005FA8F2 /* Debug */,
				42FB5C04213D312D005FA8F2 /* Release */,
			);
			defaultConfigurationIsVisible = 0;
			defaultConfigurationName = Release;
		};
		42FB5C05213D312D005FA8F2 /* Build configuration list for PBXNativeTarget "Viper" */ = {
			isa = XCConfigurationList;
			buildConfigurations = (
				42FB5C06213D312D005FA8F2 /* Debug */,
				42FB5C07213D312D005FA8F2 /* Release */,
			);
			defaultConfigurationIsVisible = 0;
			defaultConfigurationName = Release;
		};
/* End XCConfigurationList section */
	};
	rootObject = 42FB5BD1213D312B005FA8F2 /* Project object */;
}
